
Microsoft Visual Studio Solution File, Format Version 12.00
# Visual Studio Version 16
VisualStudioVersion = 16.0.32002.261
MinimumVisualStudioVersion = 10.0.40219.1
Project("{FAE04EC0-301F-11D3-BF4B-00C04F79EFBC}") = "TabInfo", "TabInfo\TabInfo.csproj", "{94724882-165B-4C5E-A35A-117B2A73FB34}"
EndProject
Global
	GlobalSection(SolutionConfigurationPlatforms) = preSolution
		Debug|Any CPU = Debug|Any CPU
		Release|Any CPU = Release|Any CPU
	EndGlobalSection
	GlobalSection(ProjectConfigurationPlatforms) = postSolution
		{94724882-165B-4C5E-A35A-117B2A73FB34}.Debug|Any CPU.ActiveCfg = Debug|Any CPU
		{94724882-165B-4C5E-A35A-117B2A73FB34}.Debug|Any CPU.Build.0 = Debug|Any CPU
		{94724882-165B-4C5E-A35A-117B2A73FB34}.Release|Any CPU.ActiveCfg = Release|Any CPU
		{94724882-165B-4C5E-A35A-117B2A73FB34}.Release|Any CPU.Build.0 = Release|Any CPU
	EndGlobalSection
	GlobalSection(SolutionProperties) = preSolution
		HideSolutionNode = FALSE
	EndGlobalSection
	GlobalSection(ExtensibilityGlobals) = postSolution
		SolutionGuid = {8BE345FC-556E-47D6-A54E-B84935AA0DFF}
	EndGlobalSection
EndGlobal
